
Microsoft Visual Studio Solution File, Format Version 12.00
# Visual Studio Version 17
VisualStudioVersion = 17.4.33110.190
MinimumVisualStudioVersion = 10.0.40219.1
Project("{FAE04EC0-301F-11D3-BF4B-00C04F79EFBC}") = "Day8", "Day8.csproj", "{EBAE2984-9E30-413C-AFE7-CCFF65B53416}"
EndProject
Global
	GlobalSection(SolutionConfigurationPlatforms) = preSolution
		Debug|Any CPU = Debug|Any CPU
		Release|Any CPU = Release|Any CPU
	EndGlobalSection
	GlobalSection(ProjectConfigurationPlatforms) = postSolution
		{EBAE2984-9E30-413C-AFE7-CCFF65B53416}.Debug|Any CPU.ActiveCfg = Debug|Any CPU
		{EBAE2984-9E30-413C-AFE7-CCFF65B53416}.Debug|Any CPU.Build.0 = Debug|Any CPU
		{EBAE2984-9E30-413C-AFE7-CCFF65B53416}.Release|Any CPU.ActiveCfg = Release|Any CPU
		{EBAE2984-9E30-413C-AFE7-CCFF65B53416}.Release|Any CPU.Build.0 = Release|Any CPU
	EndGlobalSection
	GlobalSection(SolutionProperties) = preSolution
		HideSolutionNode = FALSE
	EndGlobalSection
	GlobalSection(ExtensibilityGlobals) = postSolution
		SolutionGuid = {0ABB66A9-4411-49A0-976C-9FD71B292B65}
	EndGlobalSection
EndGlobal
